// !$*UTF8*$!
{
	archiveVersion = 1;
	classes = {
	};
	objectVersion = 48;
	objects = {

/* Begin PBXBuildFile section */
		BA0CE3A91FC7AE080070780B /* CurrencychangeViewController.m in Sources */ = {isa = PBXBuildFile; fileRef = BA0CE3A51FC7AE080070780B /* CurrencychangeViewController.m */; };
		BA0CE3AA1FC7AE080070780B /* CurrencyViewController.m in Sources */ = {isa = PBXBuildFile; fileRef = BA0CE3A81FC7AE080070780B /* CurrencyViewController.m */; };
		BA3164411FD5CDDF00F1242E /* MapViewController.m in Sources */ = {isa = PBXBuildFile; fileRef = BA3164401FD5CDDF00F1242E /* MapViewController.m */; };
		BA368A791FC9FB9500E6AF6A /* noteoneViewController.m in Sources */ = {isa = PBXBuildFile; fileRef = BA368A781FC9FB9500E6AF6A /* noteoneViewController.m */; };
		BA368A7C1FC9FBD500E6AF6A /* notetwoViewController.m in Sources */ = {isa = PBXBuildFile; fileRef = BA368A7B1FC9FBD500E6AF6A /* notetwoViewController.m */; };
		BA368A7F1FC9FBF600E6AF6A /* notethreeViewController.m in Sources */ = {isa = PBXBuildFile; fileRef = BA368A7E1FC9FBF600E6AF6A /* notethreeViewController.m */; };
		BA368A821FC9FC1D00E6AF6A /* notefourViewController.m in Sources */ = {isa = PBXBuildFile; fileRef = BA368A811FC9FC1D00E6AF6A /* notefourViewController.m */; };
		BA368A851FCA0D8200E6AF6A /* notefiveViewController.m in Sources */ = {isa = PBXBuildFile; fileRef = BA368A841FCA0D8200E6AF6A /* notefiveViewController.m */; };
		BA368A881FCA0D9000E6AF6A /* notesixViewController.m in Sources */ = {isa = PBXBuildFile; fileRef = BA368A871FCA0D9000E6AF6A /* notesixViewController.m */; };
		BA368A8E1FCA0DDD00E6AF6A /* notecoverViewController.m in Sources */ = {isa = PBXBuildFile; fileRef = BA368A8D1FCA0DDD00E6AF6A /* notecoverViewController.m */; };
		BA368A911FCA0DEB00E6AF6A /* notefinalViewController.m in Sources */ = {isa = PBXBuildFile; fileRef = BA368A901FCA0DEB00E6AF6A /* notefinalViewController.m */; };
		BA91FA8D1FC5FA630016DB3F /* AppDelegate.m in Sources */ = {isa = PBXBuildFile; fileRef = BA91FA8C1FC5FA630016DB3F /* AppDelegate.m */; };
		BA91FA931FC5FA630016DB3F /* Main.storyboard in Resources */ = {isa = PBXBuildFile; fileRef = BA91FA911FC5FA630016DB3F /* Main.storyboard */; };
		BA91FA951FC5FA630016DB3F /* Assets.xcassets in Resources */ = {isa = PBXBuildFile; fileRef = BA91FA941FC5FA630016DB3F /* Assets.xcassets */; };
		BA91FA981FC5FA630016DB3F /* LaunchScreen.storyboard in Resources */ = {isa = PBXBuildFile; fileRef = BA91FA961FC5FA630016DB3F /* LaunchScreen.storyboard */; };
		BA91FA9B1FC5FA640016DB3F /* main.m in Sources */ = {isa = PBXBuildFile; fileRef = BA91FA9A1FC5FA640016DB3F /* main.m */; };
		BA91FAA51FC5FA640016DB3F /* iosfinalprojectTests.m in Sources */ = {isa = PBXBuildFile; fileRef = BA91FAA41FC5FA640016DB3F /* iosfinalprojectTests.m */; };
		BA91FAB01FC5FA640016DB3F /* iosfinalprojectUITests.m in Sources */ = {isa = PBXBuildFile; fileRef = BA91FAAF1FC5FA640016DB3F /* iosfinalprojectUITests.m */; };
		BAA3BBBB1FCE50CB004330ED /* gif1.png in Resources */ = {isa = PBXBuildFile; fileRef = BAA3BBBA1FCE50CB004330ED /* gif1.png */; };
		BAA3BBBD1FCE50D1004330ED /* gif0.png in Resources */ = {isa = PBXBuildFile; fileRef = BAA3BBBC1FCE50D1004330ED /* gif0.png */; };
		BAA3BBBF1FCE50D8004330ED /* gif2.png in Resources */ = {isa = PBXBuildFile; fileRef = BAA3BBBE1FCE50D8004330ED /* gif2.png */; };
		BAA3BBC11FCE50E0004330ED /* gif3.png in Resources */ = {isa = PBXBuildFile; fileRef = BAA3BBC01FCE50E0004330ED /* gif3.png */; };
		BAA3BBC31FCE50E6004330ED /* gif4.png in Resources */ = {isa = PBXBuildFile; fileRef = BAA3BBC21FCE50E6004330ED /* gif4.png */; };
		BAA3BBC51FCE50E9004330ED /* gif5.png in Resources */ = {isa = PBXBuildFile; fileRef = BAA3BBC41FCE50E9004330ED /* gif5.png */; };
		BAA3BBC71FCE50EC004330ED /* gif6.png in Resources */ = {isa = PBXBuildFile; fileRef = BAA3BBC61FCE50EC004330ED /* gif6.png */; };
		BAA3BBC91FCE50F4004330ED /* gif7.png in Resources */ = {isa = PBXBuildFile; fileRef = BAA3BBC81FCE50F4004330ED /* gif7.png */; };
		BAA3BBCB1FCE50F7004330ED /* gif8.png in Resources */ = {isa = PBXBuildFile; fileRef = BAA3BBCA1FCE50F7004330ED /* gif8.png */; };
		BAA3BBCD1FCE50FC004330ED /* gif9.png in Resources */ = {isa = PBXBuildFile; fileRef = BAA3BBCC1FCE50FB004330ED /* gif9.png */; };
		BAA3BBCF1FCE50FE004330ED /* gif10.png in Resources */ = {isa = PBXBuildFile; fileRef = BAA3BBCE1FCE50FE004330ED /* gif10.png */; };
		BAA3BBD11FCE5105004330ED /* gif11.png in Resources */ = {isa = PBXBuildFile; fileRef = BAA3BBD01FCE5105004330ED /* gif11.png */; };
		BAA3BBD31FCE510C004330ED /* gif12.png in Resources */ = {isa = PBXBuildFile; fileRef = BAA3BBD21FCE510B004330ED /* gif12.png */; };
		BAA3BBD51FCE510E004330ED /* gif13.png in Resources */ = {isa = PBXBuildFile; fileRef = BAA3BBD41FCE510E004330ED /* gif13.png */; };
		BAA3BBD71FCE5111004330ED /* gif14.png in Resources */ = {isa = PBXBuildFile; fileRef = BAA3BBD61FCE5111004330ED /* gif14.png */; };
		BAAE58831FD4BC1200A73133 /* footimage.jpg in Resources */ = {isa = PBXBuildFile; fileRef = BAAE58821FD4BC1200A73133 /* footimage.jpg */; };
		BAAE58851FD4BC2000A73133 /* Politicsimage.jpg in Resources */ = {isa = PBXBuildFile; fileRef = BAAE58841FD4BC2000A73133 /* Politicsimage.jpg */; };
		BAAE58871FD4BC4C00A73133 /* Politics.png in Resources */ = {isa = PBXBuildFile; fileRef = BAAE58861FD4BC4C00A73133 /* Politics.png */; };
		BAAE58891FD4BF0C00A73133 /* National costume.png in Resources */ = {isa = PBXBuildFile; fileRef = BAAE58881FD4BF0C00A73133 /* National costume.png */; };
		BAAE588B1FD4BF3000A73133 /* National costumeimage.jpg in Resources */ = {isa = PBXBuildFile; fileRef = BAAE588A1FD4BF3000A73133 /* National costumeimage.jpg */; };
		BABE0D6C1FCA34B900F319D0 /* switchoff.jpeg in Resources */ = {isa = PBXBuildFile; fileRef = BABE0D6B1FCA34B900F319D0 /* switchoff.jpeg */; };
		BABE0D6E1FCA34BC00F319D0 /* switchon.jpeg in Resources */ = {isa = PBXBuildFile; fileRef = BABE0D6D1FCA34BC00F319D0 /* switchon.jpeg */; };
		BAD160041FD55A1A000BF951 /* myDataClass.m in Sources */ = {isa = PBXBuildFile; fileRef = BAD160031FD55A1A000BF951 /* myDataClass.m */; };
		BADE13651FC7AA8700AFFACB /* CultureViewController.m in Sources */ = {isa = PBXBuildFile; fileRef = BADE13411FC7AA8600AFFACB /* CultureViewController.m */; };
		BADE13661FC7AA8700AFFACB /* Culturedatamodule.m in Sources */ = {isa = PBXBuildFile; fileRef = BADE13421FC7AA8600AFFACB /* Culturedatamodule.m */; };
		BADE13671FC7AA8700AFFACB /* boat.png in Resources */ = {isa = PBXBuildFile; fileRef = BADE13441FC7AA8600AFFACB /* boat.png */; };
		BADE13681FC7AA8700AFFACB /* gentleman.png in Resources */ = {isa = PBXBuildFile; fileRef = BADE13451FC7AA8600AFFACB /* gentleman.png */; };
		BADE13691FC7AA8700AFFACB /* phonebooth.png in Resources */ = {isa = PBXBuildFile; fileRef = BADE13461FC7AA8600AFFACB /* phonebooth.png */; };
		BADE136A1FC7AA8700AFFACB /* weather.png in Resources */ = {isa = PBXBuildFile; fileRef = BADE13471FC7AA8600AFFACB /* weather.png */; };
		BADE136B1FC7AA8700AFFACB /* foodtruck.png in Resources */ = {isa = PBXBuildFile; fileRef = BADE13481FC7AA8600AFFACB /* foodtruck.png */; };
		BADE136C1FC7AA8700AFFACB /* premier.png in Resources */ = {isa = PBXBuildFile; fileRef = BADE13491FC7AA8600AFFACB /* premier.png */; };
		BADE136D1FC7AA8700AFFACB /* attraction.png in Resources */ = {isa = PBXBuildFile; fileRef = BADE134A1FC7AA8600AFFACB /* attraction.png */; };
		BADE136E1FC7AA8700AFFACB /* Architureal.png in Resources */ = {isa = PBXBuildFile; fileRef = BADE134B1FC7AA8600AFFACB /* Architureal.png */; };
		BADE136F1FC7AA8700AFFACB /* traffic.png in Resources */ = {isa = PBXBuildFile; fileRef = BADE134C1FC7AA8600AFFACB /* traffic.png */; };
		BADE13701FC7AA8700AFFACB /* currency.png in Resources */ = {isa = PBXBuildFile; fileRef = BADE134D1FC7AA8600AFFACB /* currency.png */; };
		BADE13711FC7AA8700AFFACB /* UKintroduction.png in Resources */ = {isa = PBXBuildFile; fileRef = BADE134E1FC7AA8600AFFACB /* UKintroduction.png */; };
		BADE13721FC7AA8700AFFACB /* tea.png in Resources */ = {isa = PBXBuildFile; fileRef = BADE134F1FC7AA8600AFFACB /* tea.png */; };
		BADE13731FC7AA8700AFFACB /* Culturemodule.m in Sources */ = {isa = PBXBuildFile; fileRef = BADE13501FC7AA8600AFFACB /* Culturemodule.m */; };
		BADE13741FC7AA8700AFFACB /* CultureTableViewController.m in Sources */ = {isa = PBXBuildFile; fileRef = BADE13561FC7AA8600AFFACB /* CultureTableViewController.m */; };
		BADE13751FC7AA8700AFFACB /* attractionimage.jpg in Resources */ = {isa = PBXBuildFile; fileRef = BADE13581FC7AA8600AFFACB /* attractionimage.jpg */; };
		BADE13761FC7AA8700AFFACB /* boatimage.jpg in Resources */ = {isa = PBXBuildFile; fileRef = BADE13591FC7AA8600AFFACB /* boatimage.jpg */; };
		BADE13771FC7AA8700AFFACB /* phoneboothimage.jpg in Resources */ = {isa = PBXBuildFile; fileRef = BADE135A1FC7AA8600AFFACB /* phoneboothimage.jpg */; };
		BADE13781FC7AA8700AFFACB /* foodtruckimage.jpg in Resources */ = {isa = PBXBuildFile; fileRef = BADE135B1FC7AA8600AFFACB /* foodtruckimage.jpg */; };
		BADE13791FC7AA8700AFFACB /* trafficeimage.jpg in Resources */ = {isa = PBXBuildFile; fileRef = BADE135C1FC7AA8600AFFACB /* trafficeimage.jpg */; };
		BADE137B1FC7AA8700AFFACB /* gentleimage.jpg in Resources */ = {isa = PBXBuildFile; fileRef = BADE135E1FC7AA8600AFFACB /* gentleimage.jpg */; };
		BADE137C1FC7AA8700AFFACB /* teaimage.jpg in Resources */ = {isa = PBXBuildFile; fileRef = BADE135F1FC7AA8600AFFACB /* teaimage.jpg */; };
		BADE137D1FC7AA8700AFFACB /* foodimage.jpg in Resources */ = {isa = PBXBuildFile; fileRef = BADE13601FC7AA8600AFFACB /* foodimage.jpg */; };
		BADE137E1FC7AA8700AFFACB /* weatherimage.jpg in Resources */ = {isa = PBXBuildFile; fileRef = BADE13611FC7AA8600AFFACB /* weatherimage.jpg */; };
		BADE137F1FC7AA8700AFFACB /* artchiturectionimage.jpg in Resources */ = {isa = PBXBuildFile; fileRef = BADE13621FC7AA8600AFFACB /* artchiturectionimage.jpg */; };
		BADE13801FC7AA8700AFFACB /* UKimage.jpg in Resources */ = {isa = PBXBuildFile; fileRef = BADE13631FC7AA8600AFFACB /* UKimage.jpg */; };
		BADE13811FC7AA8700AFFACB /* currencyimage.jpg in Resources */ = {isa = PBXBuildFile; fileRef = BADE13641FC7AA8600AFFACB /* currencyimage.jpg */; };
		BADE13831FC7AB1E00AFFACB /* food.png in Resources */ = {isa = PBXBuildFile; fileRef = BADE13821FC7AB1E00AFFACB /* food.png */; };
/* End PBXBuildFile section */

/* Begin PBXContainerItemProxy section */
		BA91FAA11FC5FA640016DB3F /* PBXContainerItemProxy */ = {
			isa = PBXContainerItemProxy;
			containerPortal = BA91FA801FC5FA630016DB3F /* Project object */;
			proxyType = 1;
			remoteGlobalIDString = BA91FA871FC5FA630016DB3F;
			remoteInfo = iosfinalproject;
		};
		BA91FAAC1FC5FA640016DB3F /* PBXContainerItemProxy */ = {
			isa = PBXContainerItemProxy;
			containerPortal = BA91FA801FC5FA630016DB3F /* Project object */;
			proxyType = 1;
			remoteGlobalIDString = BA91FA871FC5FA630016DB3F;
			remoteInfo = iosfinalproject;
		};
/* End PBXContainerItemProxy section */

/* Begin PBXFileReference section */
		BA0CE3A51FC7AE080070780B /* CurrencychangeViewController.m */ = {isa = PBXFileReference; fileEncoding = 4; lastKnownFileType = sourcecode.c.objc; path = CurrencychangeViewController.m; sourceTree = "<group>"; };
		BA0CE3A61FC7AE080070780B /* CurrencyViewController.h */ = {isa = PBXFileReference; fileEncoding = 4; lastKnownFileType = sourcecode.c.h; path = CurrencyViewController.h; sourceTree = "<group>"; };
		BA0CE3A71FC7AE080070780B /* CurrencychangeViewController.h */ = {isa = PBXFileReference; fileEncoding = 4; lastKnownFileType = sourcecode.c.h; path = CurrencychangeViewController.h; sourceTree = "<group>"; };
		BA0CE3A81FC7AE080070780B /* CurrencyViewController.m */ = {isa = PBXFileReference; fileEncoding = 4; lastKnownFileType = sourcecode.c.objc; path = CurrencyViewController.m; sourceTree = "<group>"; };
		BA3164391FD5CA3100F1242E /* CoreLocation.framework */ = {isa = PBXFileReference; lastKnownFileType = wrapper.framework; name = CoreLocation.framework; path = System/Library/Frameworks/CoreLocation.framework; sourceTree = SDKROOT; };
		BA31643A1FD5CA3900F1242E /* AddressBook.framework */ = {isa = PBXFileReference; lastKnownFileType = wrapper.framework; name = AddressBook.framework; path = System/Library/Frameworks/AddressBook.framework; sourceTree = SDKROOT; };
		BA31643B1FD5CA4300F1242E /* Contacts.framework */ = {isa = PBXFileReference; lastKnownFileType = wrapper.framework; name = Contacts.framework; path = System/Library/Frameworks/Contacts.framework; sourceTree = SDKROOT; };
		BA31643C1FD5CA4800F1242E /* MapKit.framework */ = {isa = PBXFileReference; lastKnownFileType = wrapper.framework; name = MapKit.framework; path = System/Library/Frameworks/MapKit.framework; sourceTree = SDKROOT; };
		BA31643D1FD5CA4E00F1242E /* LocalAuthentication.framework */ = {isa = PBXFileReference; lastKnownFileType = wrapper.framework; name = LocalAuthentication.framework; path = System/Library/Frameworks/LocalAuthentication.framework; sourceTree = SDKROOT; };
		BA31643F1FD5CDDF00F1242E /* MapViewController.h */ = {isa = PBXFileReference; lastKnownFileType = sourcecode.c.h; path = MapViewController.h; sourceTree = "<group>"; };
		BA3164401FD5CDDF00F1242E /* MapViewController.m */ = {isa = PBXFileReference; lastKnownFileType = sourcecode.c.objc; path = MapViewController.m; sourceTree = "<group>"; };
		BA368A771FC9FB9500E6AF6A /* noteoneViewController.h */ = {isa = PBXFileReference; lastKnownFileType = sourcecode.c.h; path = noteoneViewController.h; sourceTree = "<group>"; };
		BA368A781FC9FB9500E6AF6A /* noteoneViewController.m */ = {isa = PBXFileReference; lastKnownFileType = sourcecode.c.objc; path = noteoneViewController.m; sourceTree = "<group>"; };
		BA368A7A1FC9FBD500E6AF6A /* notetwoViewController.h */ = {isa = PBXFileReference; lastKnownFileType = sourcecode.c.h; path = notetwoViewController.h; sourceTree = "<group>"; };
		BA368A7B1FC9FBD500E6AF6A /* notetwoViewController.m */ = {isa = PBXFileReference; lastKnownFileType = sourcecode.c.objc; path = notetwoViewController.m; sourceTree = "<group>"; };
		BA368A7D1FC9FBF600E6AF6A /* notethreeViewController.h */ = {isa = PBXFileReference; lastKnownFileType = sourcecode.c.h; path = notethreeViewController.h; sourceTree = "<group>"; };
		BA368A7E1FC9FBF600E6AF6A /* notethreeViewController.m */ = {isa = PBXFileReference; lastKnownFileType = sourcecode.c.objc; path = notethreeViewController.m; sourceTree = "<group>"; };
		BA368A801FC9FC1D00E6AF6A /* notefourViewController.h */ = {isa = PBXFileReference; lastKnownFileType = sourcecode.c.h; path = notefourViewController.h; sourceTree = "<group>"; };
		BA368A811FC9FC1D00E6AF6A /* notefourViewController.m */ = {isa = PBXFileReference; lastKnownFileType = sourcecode.c.objc; path = notefourViewController.m; sourceTree = "<group>"; };
		BA368A831FCA0D8200E6AF6A /* notefiveViewController.h */ = {isa = PBXFileReference; lastKnownFileType = sourcecode.c.h; path = notefiveViewController.h; sourceTree = "<group>"; };
		BA368A841FCA0D8200E6AF6A /* notefiveViewController.m */ = {isa = PBXFileReference; lastKnownFileType = sourcecode.c.objc; path = notefiveViewController.m; sourceTree = "<group>"; };
		BA368A861FCA0D9000E6AF6A /* notesixViewController.h */ = {isa = PBXFileReference; lastKnownFileType = sourcecode.c.h; path = notesixViewController.h; sourceTree = "<group>"; };
		BA368A871FCA0D9000E6AF6A /* notesixViewController.m */ = {isa = PBXFileReference; lastKnownFileType = sourcecode.c.objc; path = notesixViewController.m; sourceTree = "<group>"; };
		BA368A8C1FCA0DDD00E6AF6A /* notecoverViewController.h */ = {isa = PBXFileReference; lastKnownFileType = sourcecode.c.h; path = notecoverViewController.h; sourceTree = "<group>"; };
		BA368A8D1FCA0DDD00E6AF6A /* notecoverViewController.m */ = {isa = PBXFileReference; lastKnownFileType = sourcecode.c.objc; path = notecoverViewController.m; sourceTree = "<group>"; };
		BA368A8F1FCA0DEB00E6AF6A /* notefinalViewController.h */ = {isa = PBXFileReference; lastKnownFileType = sourcecode.c.h; path = notefinalViewController.h; sourceTree = "<group>"; };
		BA368A901FCA0DEB00E6AF6A /* notefinalViewController.m */ = {isa = PBXFileReference; lastKnownFileType = sourcecode.c.objc; path = notefinalViewController.m; sourceTree = "<group>"; };
		BA91FA881FC5FA630016DB3F /* iosfinalproject.app */ = {isa = PBXFileReference; explicitFileType = wrapper.application; includeInIndex = 0; path = iosfinalproject.app; sourceTree = BUILT_PRODUCTS_DIR; };
		BA91FA8B1FC5FA630016DB3F /* AppDelegate.h */ = {isa = PBXFileReference; lastKnownFileType = sourcecode.c.h; path = AppDelegate.h; sourceTree = "<group>"; };
		BA91FA8C1FC5FA630016DB3F /* AppDelegate.m */ = {isa = PBXFileReference; lastKnownFileType = sourcecode.c.objc; path = AppDelegate.m; sourceTree = "<group>"; };
		BA91FA921FC5FA630016DB3F /* Base */ = {isa = PBXFileReference; lastKnownFileType = file.storyboard; name = Base; path = Base.lproj/Main.storyboard; sourceTree = "<group>"; };
		BA91FA941FC5FA630016DB3F /* Assets.xcassets */ = {isa = PBXFileReference; lastKnownFileType = folder.assetcatalog; path = Assets.xcassets; sourceTree = "<group>"; };
		BA91FA971FC5FA630016DB3F /* Base */ = {isa = PBXFileReference; lastKnownFileType = file.storyboard; name = Base; path = Base.lproj/LaunchScreen.storyboard; sourceTree = "<group>"; };
		BA91FA991FC5FA630016DB3F /* Info.plist */ = {isa = PBXFileReference; lastKnownFileType = text.plist.xml; path = Info.plist; sourceTree = "<group>"; };
		BA91FA9A1FC5FA640016DB3F /* main.m */ = {isa = PBXFileReference; lastKnownFileType = sourcecode.c.objc; path = main.m; sourceTree = "<group>"; };
		BA91FAA01FC5FA640016DB3F /* iosfinalprojectTests.xctest */ = {isa = PBXFileReference; explicitFileType = wrapper.cfbundle; includeInIndex = 0; path = iosfinalprojectTests.xctest; sourceTree = BUILT_PRODUCTS_DIR; };
		BA91FAA41FC5FA640016DB3F /* iosfinalprojectTests.m */ = {isa = PBXFileReference; lastKnownFileType = sourcecode.c.objc; path = iosfinalprojectTests.m; sourceTree = "<group>"; };
		BA91FAA61FC5FA640016DB3F /* Info.plist */ = {isa = PBXFileReference; lastKnownFileType = text.plist.xml; path = Info.plist; sourceTree = "<group>"; };
		BA91FAAB1FC5FA640016DB3F /* iosfinalprojectUITests.xctest */ = {isa = PBXFileReference; explicitFileType = wrapper.cfbundle; includeInIndex = 0; path = iosfinalprojectUITests.xctest; sourceTree = BUILT_PRODUCTS_DIR; };
		BA91FAAF1FC5FA640016DB3F /* iosfinalprojectUITests.m */ = {isa = PBXFileReference; lastKnownFileType = sourcecode.c.objc; path = iosfinalprojectUITests.m; sourceTree = "<group>"; };
		BA91FAB11FC5FA640016DB3F /* Info.plist */ = {isa = PBXFileReference; lastKnownFileType = text.plist.xml; path = Info.plist; sourceTree = "<group>"; };
		BAA3BBBA1FCE50CB004330ED /* gif1.png */ = {isa = PBXFileReference; lastKnownFileType = image.png; path = gif1.png; sourceTree = "<group>"; };
		BAA3BBBC1FCE50D1004330ED /* gif0.png */ = {isa = PBXFileReference; lastKnownFileType = image.png; path = gif0.png; sourceTree = "<group>"; };
		BAA3BBBE1FCE50D8004330ED /* gif2.png */ = {isa = PBXFileReference; lastKnownFileType = image.png; path = gif2.png; sourceTree = "<group>"; };
		BAA3BBC01FCE50E0004330ED /* gif3.png */ = {isa = PBXFileReference; lastKnownFileType = image.png; path = gif3.png; sourceTree = "<group>"; };
		BAA3BBC21FCE50E6004330ED /* gif4.png */ = {isa = PBXFileReference; lastKnownFileType = image.png; path = gif4.png; sourceTree = "<group>"; };
		BAA3BBC41FCE50E9004330ED /* gif5.png */ = {isa = PBXFileReference; lastKnownFileType = image.png; path = gif5.png; sourceTree = "<group>"; };
		BAA3BBC61FCE50EC004330ED /* gif6.png */ = {isa = PBXFileReference; lastKnownFileType = image.png; path = gif6.png; sourceTree = "<group>"; };
		BAA3BBC81FCE50F4004330ED /* gif7.png */ = {isa = PBXFileReference; lastKnownFileType = image.png; path = gif7.png; sourceTree = "<group>"; };
		BAA3BBCA1FCE50F7004330ED /* gif8.png */ = {isa = PBXFileReference; lastKnownFileType = image.png; path = gif8.png; sourceTree = "<group>"; };
		BAA3BBCC1FCE50FB004330ED /* gif9.png */ = {isa = PBXFileReference; lastKnownFileType = image.png; path = gif9.png; sourceTree = "<group>"; };
		BAA3BBCE1FCE50FE004330ED /* gif10.png */ = {isa = PBXFileReference; lastKnownFileType = image.png; path = gif10.png; sourceTree = "<group>"; };
		BAA3BBD01FCE5105004330ED /* gif11.png */ = {isa = PBXFileReference; lastKnownFileType = image.png; path = gif11.png; sourceTree = "<group>"; };
		BAA3BBD21FCE510B004330ED /* gif12.png */ = {isa = PBXFileReference; lastKnownFileType = image.png; path = gif12.png; sourceTree = "<group>"; };
		BAA3BBD41FCE510E004330ED /* gif13.png */ = {isa = PBXFileReference; lastKnownFileType = image.png; path = gif13.png; sourceTree = "<group>"; };
		BAA3BBD61FCE5111004330ED /* gif14.png */ = {isa = PBXFileReference; lastKnownFileType = image.png; path = gif14.png; sourceTree = "<group>"; };
		BAAE58821FD4BC1200A73133 /* footimage.jpg */ = {isa = PBXFileReference; lastKnownFileType = image.jpeg; name = footimage.jpg; path = "../../../../2660 finial project/image/footimage.jpg"; sourceTree = "<group>"; };
		BAAE58841FD4BC2000A73133 /* Politicsimage.jpg */ = {isa = PBXFileReference; lastKnownFileType = image.jpeg; name = Politicsimage.jpg; path = "../../../../2660 finial project/image/Politicsimage.jpg"; sourceTree = "<group>"; };
		BAAE58861FD4BC4C00A73133 /* Politics.png */ = {isa = PBXFileReference; lastKnownFileType = image.png; name = Politics.png; path = "../../../../2660 finial project/image/Politics.png"; sourceTree = "<group>"; };
		BAAE58881FD4BF0C00A73133 /* National costume.png */ = {isa = PBXFileReference; lastKnownFileType = image.png; name = "National costume.png"; path = "../../../../2660 finial project/image/National costume.png"; sourceTree = "<group>"; };
		BAAE588A1FD4BF3000A73133 /* National costumeimage.jpg */ = {isa = PBXFileReference; lastKnownFileType = image.jpeg; name = "National costumeimage.jpg"; path = "../../../../2660 finial project/image/National costumeimage.jpg"; sourceTree = "<group>"; };
		BABE0D6B1FCA34B900F319D0 /* switchoff.jpeg */ = {isa = PBXFileReference; lastKnownFileType = image.jpeg; path = switchoff.jpeg; sourceTree = "<group>"; };
		BABE0D6D1FCA34BC00F319D0 /* switchon.jpeg */ = {isa = PBXFileReference; lastKnownFileType = image.jpeg; path = switchon.jpeg; sourceTree = "<group>"; };
		BAD160021FD55A1A000BF951 /* myDataClass.h */ = {isa = PBXFileReference; lastKnownFileType = sourcecode.c.h; path = myDataClass.h; sourceTree = "<group>"; };
		BAD160031FD55A1A000BF951 /* myDataClass.m */ = {isa = PBXFileReference; lastKnownFileType = sourcecode.c.objc; path = myDataClass.m; sourceTree = "<group>"; };
		BADE13411FC7AA8600AFFACB /* CultureViewController.m */ = {isa = PBXFileReference; fileEncoding = 4; lastKnownFileType = sourcecode.c.objc; path = CultureViewController.m; sourceTree = "<group>"; };
		BADE13421FC7AA8600AFFACB /* Culturedatamodule.m */ = {isa = PBXFileReference; fileEncoding = 4; lastKnownFileType = sourcecode.c.objc; path = Culturedatamodule.m; sourceTree = "<group>"; };
		BADE13441FC7AA8600AFFACB /* boat.png */ = {isa = PBXFileReference; lastKnownFileType = image.png; path = boat.png; sourceTree = "<group>"; };
		BADE13451FC7AA8600AFFACB /* gentleman.png */ = {isa = PBXFileReference; lastKnownFileType = image.png; path = gentleman.png; sourceTree = "<group>"; };
		BADE13461FC7AA8600AFFACB /* phonebooth.png */ = {isa = PBXFileReference; lastKnownFileType = image.png; path = phonebooth.png; sourceTree = "<group>"; };
		BADE13471FC7AA8600AFFACB /* weather.png */ = {isa = PBXFileReference; lastKnownFileType = image.png; path = weather.png; sourceTree = "<group>"; };
		BADE13481FC7AA8600AFFACB /* foodtruck.png */ = {isa = PBXFileReference; lastKnownFileType = image.png; path = foodtruck.png; sourceTree = "<group>"; };
		BADE13491FC7AA8600AFFACB /* premier.png */ = {isa = PBXFileReference; lastKnownFileType = image.png; path = premier.png; sourceTree = "<group>"; };
		BADE134A1FC7AA8600AFFACB /* attraction.png */ = {isa = PBXFileReference; lastKnownFileType = image.png; path = attraction.png; sourceTree = "<group>"; };
		BADE134B1FC7AA8600AFFACB /* Architureal.png */ = {isa = PBXFileReference; lastKnownFileType = image.png; path = Architureal.png; sourceTree = "<group>"; };
		BADE134C1FC7AA8600AFFACB /* traffic.png */ = {isa = PBXFileReference; lastKnownFileType = image.png; path = traffic.png; sourceTree = "<group>"; };
		BADE134D1FC7AA8600AFFACB /* currency.png */ = {isa = PBXFileReference; lastKnownFileType = image.png; path = currency.png; sourceTree = "<group>"; };
		BADE134E1FC7AA8600AFFACB /* UKintroduction.png */ = {isa = PBXFileReference; lastKnownFileType = image.png; path = UKintroduction.png; sourceTree = "<group>"; };
		BADE134F1FC7AA8600AFFACB /* tea.png */ = {isa = PBXFileReference; lastKnownFileType = image.png; path = tea.png; sourceTree = "<group>"; };
		BADE13501FC7AA8600AFFACB /* Culturemodule.m */ = {isa = PBXFileReference; fileEncoding = 4; lastKnownFileType = sourcecode.c.objc; path = Culturemodule.m; sourceTree = "<group>"; };
		BADE13511FC7AA8600AFFACB /* CultureTableViewController.h */ = {isa = PBXFileReference; fileEncoding = 4; lastKnownFileType = sourcecode.c.h; path = CultureTableViewController.h; sourceTree = "<group>"; };
		BADE13521FC7AA8600AFFACB /* CultureViewController.h */ = {isa = PBXFileReference; fileEncoding = 4; lastKnownFileType = sourcecode.c.h; path = CultureViewController.h; sourceTree = "<group>"; };
		BADE13531FC7AA8600AFFACB /* Culturedatamodule.h */ = {isa = PBXFileReference; fileEncoding = 4; lastKnownFileType = sourcecode.c.h; path = Culturedatamodule.h; sourceTree = "<group>"; };
		BADE13551FC7AA8600AFFACB /* Culturemodule.h */ = {isa = PBXFileReference; fileEncoding = 4; lastKnownFileType = sourcecode.c.h; path = Culturemodule.h; sourceTree = "<group>"; };
		BADE13561FC7AA8600AFFACB /* CultureTableViewController.m */ = {isa = PBXFileReference; fileEncoding = 4; lastKnownFileType = sourcecode.c.objc; path = CultureTableViewController.m; sourceTree = "<group>"; };
		BADE13581FC7AA8600AFFACB /* attractionimage.jpg */ = {isa = PBXFileReference; lastKnownFileType = image.jpeg; path = attractionimage.jpg; sourceTree = "<group>"; };
		BADE13591FC7AA8600AFFACB /* boatimage.jpg */ = {isa = PBXFileReference; lastKnownFileType = image.jpeg; path = boatimage.jpg; sourceTree = "<group>"; };
		BADE135A1FC7AA8600AFFACB /* phoneboothimage.jpg */ = {isa = PBXFileReference; lastKnownFileType = image.jpeg; path = phoneboothimage.jpg; sourceTree = "<group>"; };
		BADE135B1FC7AA8600AFFACB /* foodtruckimage.jpg */ = {isa = PBXFileReference; lastKnownFileType = image.jpeg; path = foodtruckimage.jpg; sourceTree = "<group>"; };
		BADE135C1FC7AA8600AFFACB /* trafficeimage.jpg */ = {isa = PBXFileReference; lastKnownFileType = image.jpeg; path = trafficeimage.jpg; sourceTree = "<group>"; };
		BADE135E1FC7AA8600AFFACB /* gentleimage.jpg */ = {isa = PBXFileReference; lastKnownFileType = image.jpeg; path = gentleimage.jpg; sourceTree = "<group>"; };
		BADE135F1FC7AA8600AFFACB /* teaimage.jpg */ = {isa = PBXFileReference; lastKnownFileType = image.jpeg; path = teaimage.jpg; sourceTree = "<group>"; };
		BADE13601FC7AA8600AFFACB /* foodimage.jpg */ = {isa = PBXFileReference; lastKnownFileType = image.jpeg; path = foodimage.jpg; sourceTree = "<group>"; };
		BADE13611FC7AA8600AFFACB /* weatherimage.jpg */ = {isa = PBXFileReference; lastKnownFileType = image.jpeg; path = weatherimage.jpg; sourceTree = "<group>"; };
		BADE13621FC7AA8600AFFACB /* artchiturectionimage.jpg */ = {isa = PBXFileReference; lastKnownFileType = image.jpeg; path = artchiturectionimage.jpg; sourceTree = "<group>"; };
		BADE13631FC7AA8600AFFACB /* UKimage.jpg */ = {isa = PBXFileReference; lastKnownFileType = image.jpeg; path = UKimage.jpg; sourceTree = "<group>"; };
		BADE13641FC7AA8600AFFACB /* currencyimage.jpg */ = {isa = PBXFileReference; lastKnownFileType = image.jpeg; path = currencyimage.jpg; sourceTree = "<group>"; };
		BADE13821FC7AB1E00AFFACB /* food.png */ = {isa = PBXFileReference; lastKnownFileType = image.png; path = food.png; sourceTree = "<group>"; };
		BAEC50981FD6160C005B0E5B /* notebackground.jpg */ = {isa = PBXFileReference; lastKnownFileType = image.jpeg; path = notebackground.jpg; sourceTree = "<group>"; };
/* End PBXFileReference section */

/* Begin PBXFrameworksBuildPhase section */
		BA91FA851FC5FA630016DB3F /* Frameworks */ = {
			isa = PBXFrameworksBuildPhase;
			buildActionMask = 2147483647;
			files = (
			);
			runOnlyForDeploymentPostprocessing = 0;
		};
		BA91FA9D1FC5FA640016DB3F /* Frameworks */ = {
			isa = PBXFrameworksBuildPhase;
			buildActionMask = 2147483647;
			files = (
			);
			runOnlyForDeploymentPostprocessing = 0;
		};
		BA91FAA81FC5FA640016DB3F /* Frameworks */ = {
			isa = PBXFrameworksBuildPhase;
			buildActionMask = 2147483647;
			files = (
			);
			runOnlyForDeploymentPostprocessing = 0;
		};
/* End PBXFrameworksBuildPhase section */

/* Begin PBXGroup section */
		BA04DFE01FD8955200A1AC90 /* unitchangeimage */ = {
			isa = PBXGroup;
			children = (
			);
			path = unitchangeimage;
			sourceTree = "<group>";
		};
		BA0CE3A41FC7AE080070780B /* 2nd currency */ = {
			isa = PBXGroup;
			children = (
				BA04DFE01FD8955200A1AC90 /* unitchangeimage */,
				BA0CE3A61FC7AE080070780B /* CurrencyViewController.h */,
				BA0CE3A81FC7AE080070780B /* CurrencyViewController.m */,
				BA0CE3A71FC7AE080070780B /* CurrencychangeViewController.h */,
				BA0CE3A51FC7AE080070780B /* CurrencychangeViewController.m */,
			);
			path = "2nd currency";
			sourceTree = "<group>";
		};
		BA3164371FD5C9A300F1242E /* 3td map */ = {
			isa = PBXGroup;
			children = (
				BA31643F1FD5CDDF00F1242E /* MapViewController.h */,
				BA3164401FD5CDDF00F1242E /* MapViewController.m */,
			);
			path = "3td map";
			sourceTree = "<group>";
		};
		BA3164381FD5CA3100F1242E /* Frameworks */ = {
			isa = PBXGroup;
			children = (
				BA31643D1FD5CA4E00F1242E /* LocalAuthentication.framework */,
				BA31643C1FD5CA4800F1242E /* MapKit.framework */,
				BA31643B1FD5CA4300F1242E /* Contacts.framework */,
				BA31643A1FD5CA3900F1242E /* AddressBook.framework */,
				BA3164391FD5CA3100F1242E /* CoreLocation.framework */,
			);
			name = Frameworks;
			sourceTree = "<group>";
		};
		BA368A761FC9FB2000E6AF6A /* 4th notes */ = {
			isa = PBXGroup;
			children = (
				BAEC50971FD61603005B0E5B /* backgroundimage */,
				BABE0D621FCA328300F319D0 /* noteimage */,
				BABE0D5E1FCA31BB00F319D0 /* notedetail */,
				BA368A8C1FCA0DDD00E6AF6A /* notecoverViewController.h */,
				BA368A8D1FCA0DDD00E6AF6A /* notecoverViewController.m */,
				BA368A8F1FCA0DEB00E6AF6A /* notefinalViewController.h */,
				BA368A901FCA0DEB00E6AF6A /* notefinalViewController.m */,
				BA99C52E1FCE4A4300199F71 /* notegif */,
			);
			path = "4th notes";
			sourceTree = "<group>";
		};
		BA91FA7F1FC5FA630016DB3F = {
			isa = PBXGroup;
			children = (
				BA91FA8A1FC5FA630016DB3F /* iosfinalproject */,
				BA91FAA31FC5FA640016DB3F /* iosfinalprojectTests */,
				BA91FAAE1FC5FA640016DB3F /* iosfinalprojectUITests */,
				BA91FA891FC5FA630016DB3F /* Products */,
				BA3164381FD5CA3100F1242E /* Frameworks */,
			);
			sourceTree = "<group>";
		};
		BA91FA891FC5FA630016DB3F /* Products */ = {
			isa = PBXGroup;
			children = (
				BA91FA881FC5FA630016DB3F /* iosfinalproject.app */,
				BA91FAA01FC5FA640016DB3F /* iosfinalprojectTests.xctest */,
				BA91FAAB1FC5FA640016DB3F /* iosfinalprojectUITests.xctest */,
			);
			name = Products;
			sourceTree = "<group>";
		};
		BA91FA8A1FC5FA630016DB3F /* iosfinalproject */ = {
			isa = PBXGroup;
			children = (
				BADE13401FC7AA8600AFFACB /* 1st culture */,
				BA0CE3A41FC7AE080070780B /* 2nd currency */,
				BA3164371FD5C9A300F1242E /* 3td map */,
				BA368A761FC9FB2000E6AF6A /* 4th notes */,
				BA91FA911FC5FA630016DB3F /* Main.storyboard */,
				BA91FA8B1FC5FA630016DB3F /* AppDelegate.h */,
				BA91FA8C1FC5FA630016DB3F /* AppDelegate.m */,
				BA91FA941FC5FA630016DB3F /* Assets.xcassets */,
				BA91FA961FC5FA630016DB3F /* LaunchScreen.storyboard */,
				BA91FA991FC5FA630016DB3F /* Info.plist */,
				BA91FA9A1FC5FA640016DB3F /* main.m */,
				BAD160021FD55A1A000BF951 /* myDataClass.h */,
				BAD160031FD55A1A000BF951 /* myDataClass.m */,
			);
			path = iosfinalproject;
			sourceTree = "<group>";
		};
		BA91FAA31FC5FA640016DB3F /* iosfinalprojectTests */ = {
			isa = PBXGroup;
			children = (
				BA91FAA41FC5FA640016DB3F /* iosfinalprojectTests.m */,
				BA91FAA61FC5FA640016DB3F /* Info.plist */,
			);
			path = iosfinalprojectTests;
			sourceTree = "<group>";
		};
		BA91FAAE1FC5FA640016DB3F /* iosfinalprojectUITests */ = {
			isa = PBXGroup;
			children = (
				BA91FAAF1FC5FA640016DB3F /* iosfinalprojectUITests.m */,
				BA91FAB11FC5FA640016DB3F /* Info.plist */,
			);
			path = iosfinalprojectUITests;
			sourceTree = "<group>";
		};
		BA99C52E1FCE4A4300199F71 /* notegif */ = {
			isa = PBXGroup;
			children = (
				BAA3BBD61FCE5111004330ED /* gif14.png */,
				BAA3BBD41FCE510E004330ED /* gif13.png */,
				BAA3BBD21FCE510B004330ED /* gif12.png */,
				BAA3BBD01FCE5105004330ED /* gif11.png */,
				BAA3BBCE1FCE50FE004330ED /* gif10.png */,
				BAA3BBCC1FCE50FB004330ED /* gif9.png */,
				BAA3BBCA1FCE50F7004330ED /* gif8.png */,
				BAA3BBC81FCE50F4004330ED /* gif7.png */,
				BAA3BBC61FCE50EC004330ED /* gif6.png */,
				BAA3BBC41FCE50E9004330ED /* gif5.png */,
				BAA3BBC21FCE50E6004330ED /* gif4.png */,
				BAA3BBC01FCE50E0004330ED /* gif3.png */,
				BAA3BBBE1FCE50D8004330ED /* gif2.png */,
				BAA3BBBA1FCE50CB004330ED /* gif1.png */,
				BAA3BBBC1FCE50D1004330ED /* gif0.png */,
			);
			path = notegif;
			sourceTree = "<group>";
		};
		BABE0D5E1FCA31BB00F319D0 /* notedetail */ = {
			isa = PBXGroup;
			children = (
				BA368A771FC9FB9500E6AF6A /* noteoneViewController.h */,
				BA368A781FC9FB9500E6AF6A /* noteoneViewController.m */,
				BA368A7A1FC9FBD500E6AF6A /* notetwoViewController.h */,
				BA368A7B1FC9FBD500E6AF6A /* notetwoViewController.m */,
				BA368A7D1FC9FBF600E6AF6A /* notethreeViewController.h */,
				BA368A7E1FC9FBF600E6AF6A /* notethreeViewController.m */,
				BA368A801FC9FC1D00E6AF6A /* notefourViewController.h */,
				BA368A811FC9FC1D00E6AF6A /* notefourViewController.m */,
				BA368A831FCA0D8200E6AF6A /* notefiveViewController.h */,
				BA368A841FCA0D8200E6AF6A /* notefiveViewController.m */,
				BA368A861FCA0D9000E6AF6A /* notesixViewController.h */,
				BA368A871FCA0D9000E6AF6A /* notesixViewController.m */,
			);
			path = notedetail;
			sourceTree = "<group>";
		};
		BABE0D621FCA328300F319D0 /* noteimage */ = {
			isa = PBXGroup;
			children = (
				BABE0D6B1FCA34B900F319D0 /* switchoff.jpeg */,
				BABE0D6D1FCA34BC00F319D0 /* switchon.jpeg */,
			);
			path = noteimage;
			sourceTree = "<group>";
		};
		BADE13401FC7AA8600AFFACB /* 1st culture */ = {
			isa = PBXGroup;
			children = (
				BADE13521FC7AA8600AFFACB /* CultureViewController.h */,
				BADE13411FC7AA8600AFFACB /* CultureViewController.m */,
				BADE13511FC7AA8600AFFACB /* CultureTableViewController.h */,
				BADE13561FC7AA8600AFFACB /* CultureTableViewController.m */,
				BADE13551FC7AA8600AFFACB /* Culturemodule.h */,
				BADE13501FC7AA8600AFFACB /* Culturemodule.m */,
				BADE13531FC7AA8600AFFACB /* Culturedatamodule.h */,
				BADE13421FC7AA8600AFFACB /* Culturedatamodule.m */,
				BADE13431FC7AA8600AFFACB /* culture logo */,
				BADE13571FC7AA8600AFFACB /* culture image */,
			);
			path = "1st culture";
			sourceTree = "<group>";
		};
		BADE13431FC7AA8600AFFACB /* culture logo */ = {
			isa = PBXGroup;
			children = (
				BAAE58881FD4BF0C00A73133 /* National costume.png */,
				BAAE58861FD4BC4C00A73133 /* Politics.png */,
				BADE13441FC7AA8600AFFACB /* boat.png */,
				BADE13821FC7AB1E00AFFACB /* food.png */,
				BADE13451FC7AA8600AFFACB /* gentleman.png */,
				BADE13461FC7AA8600AFFACB /* phonebooth.png */,
				BADE13471FC7AA8600AFFACB /* weather.png */,
				BADE13481FC7AA8600AFFACB /* foodtruck.png */,
				BADE13491FC7AA8600AFFACB /* premier.png */,
				BADE134A1FC7AA8600AFFACB /* attraction.png */,
				BADE134B1FC7AA8600AFFACB /* Architureal.png */,
				BADE134C1FC7AA8600AFFACB /* traffic.png */,
				BADE134D1FC7AA8600AFFACB /* currency.png */,
				BADE134E1FC7AA8600AFFACB /* UKintroduction.png */,
				BADE134F1FC7AA8600AFFACB /* tea.png */,
			);
			path = "culture logo";
			sourceTree = "<group>";
		};
		BADE13571FC7AA8600AFFACB /* culture image */ = {
			isa = PBXGroup;
			children = (
				BAAE588A1FD4BF3000A73133 /* National costumeimage.jpg */,
				BAAE58841FD4BC2000A73133 /* Politicsimage.jpg */,
				BADE13581FC7AA8600AFFACB /* attractionimage.jpg */,
				BADE13591FC7AA8600AFFACB /* boatimage.jpg */,
				BAAE58821FD4BC1200A73133 /* footimage.jpg */,
				BADE135A1FC7AA8600AFFACB /* phoneboothimage.jpg */,
				BADE135B1FC7AA8600AFFACB /* foodtruckimage.jpg */,
				BADE135C1FC7AA8600AFFACB /* trafficeimage.jpg */,
				BADE135E1FC7AA8600AFFACB /* gentleimage.jpg */,
				BADE135F1FC7AA8600AFFACB /* teaimage.jpg */,
				BADE13601FC7AA8600AFFACB /* foodimage.jpg */,
				BADE13611FC7AA8600AFFACB /* weatherimage.jpg */,
				BADE13621FC7AA8600AFFACB /* artchiturectionimage.jpg */,
				BADE13631FC7AA8600AFFACB /* UKimage.jpg */,
				BADE13641FC7AA8600AFFACB /* currencyimage.jpg */,
			);
			path = "culture image";
			sourceTree = "<group>";
		};
		BAEC50971FD61603005B0E5B /* backgroundimage */ = {
			isa = PBXGroup;
			children = (
				BAEC50981FD6160C005B0E5B /* notebackground.jpg */,
			);
			path = backgroundimage;
			sourceTree = "<group>";
		};
/* End PBXGroup section */

/* Begin PBXNativeTarget section */
		BA91FA871FC5FA630016DB3F /* iosfinalproject */ = {
			isa = PBXNativeTarget;
			buildConfigurationList = BA91FAB41FC5FA640016DB3F /* Build configuration list for PBXNativeTarget "iosfinalproject" */;
			buildPhases = (
				BA91FA841FC5FA630016DB3F /* Sources */,
				BA91FA851FC5FA630016DB3F /* Frameworks */,
				BA91FA861FC5FA630016DB3F /* Resources */,
			);
			buildRules = (
			);
			dependencies = (
			);
			name = iosfinalproject;
			productName = iosfinalproject;
			productReference = BA91FA881FC5FA630016DB3F /* iosfinalproject.app */;
			productType = "com.apple.product-type.application";
		};
		BA91FA9F1FC5FA640016DB3F /* iosfinalprojectTests */ = {
			isa = PBXNativeTarget;
			buildConfigurationList = BA91FAB71FC5FA640016DB3F /* Build configuration list for PBXNativeTarget "iosfinalprojectTests" */;
			buildPhases = (
				BA91FA9C1FC5FA640016DB3F /* Sources */,
				BA91FA9D1FC5FA640016DB3F /* Frameworks */,
				BA91FA9E1FC5FA640016DB3F /* Resources */,
			);
			buildRules = (
			);
			dependencies = (
				BA91FAA21FC5FA640016DB3F /* PBXTargetDependency */,
			);
			name = iosfinalprojectTests;
			productName = iosfinalprojectTests;
			productReference = BA91FAA01FC5FA640016DB3F /* iosfinalprojectTests.xctest */;
			productType = "com.apple.product-type.bundle.unit-test";
		};
		BA91FAAA1FC5FA640016DB3F /* iosfinalprojectUITests */ = {
			isa = PBXNativeTarget;
			buildConfigurationList = BA91FABA1FC5FA640016DB3F /* Build configuration list for PBXNativeTarget "iosfinalprojectUITests" */;
			buildPhases = (
				BA91FAA71FC5FA640016DB3F /* Sources */,
				BA91FAA81FC5FA640016DB3F /* Frameworks */,
				BA91FAA91FC5FA640016DB3F /* Resources */,
			);
			buildRules = (
			);
			dependencies = (
				BA91FAAD1FC5FA640016DB3F /* PBXTargetDependency */,
			);
			name = iosfinalprojectUITests;
			productName = iosfinalprojectUITests;
			productReference = BA91FAAB1FC5FA640016DB3F /* iosfinalprojectUITests.xctest */;
			productType = "com.apple.product-type.bundle.ui-testing";
		};
/* End PBXNativeTarget section */

/* Begin PBXProject section */
		BA91FA801FC5FA630016DB3F /* Project object */ = {
			isa = PBXProject;
			attributes = {
				LastUpgradeCheck = 0910;
				ORGANIZATIONNAME = "Unversity of Leeds";
				TargetAttributes = {
					BA91FA871FC5FA630016DB3F = {
						CreatedOnToolsVersion = 9.1;
						ProvisioningStyle = Automatic;
					};
					BA91FA9F1FC5FA640016DB3F = {
						CreatedOnToolsVersion = 9.1;
						ProvisioningStyle = Automatic;
						TestTargetID = BA91FA871FC5FA630016DB3F;
					};
					BA91FAAA1FC5FA640016DB3F = {
						CreatedOnToolsVersion = 9.1;
						ProvisioningStyle = Automatic;
						TestTargetID = BA91FA871FC5FA630016DB3F;
					};
				};
			};
			buildConfigurationList = BA91FA831FC5FA630016DB3F /* Build configuration list for PBXProject "iosfinalproject" */;
			compatibilityVersion = "Xcode 8.0";
			developmentRegion = en;
			hasScannedForEncodings = 0;
			knownRegions = (
				en,
				Base,
			);
			mainGroup = BA91FA7F1FC5FA630016DB3F;
			productRefGroup = BA91FA891FC5FA630016DB3F /* Products */;
			projectDirPath = "";
			projectRoot = "";
			targets = (
				BA91FA871FC5FA630016DB3F /* iosfinalproject */,
				BA91FA9F1FC5FA640016DB3F /* iosfinalprojectTests */,
				BA91FAAA1FC5FA640016DB3F /* iosfinalprojectUITests */,
			);
		};
/* End PBXProject section */

/* Begin PBXResourcesBuildPhase section */
		BA91FA861FC5FA630016DB3F /* Resources */ = {
			isa = PBXResourcesBuildPhase;
			buildActionMask = 2147483647;
			files = (
				BADE136D1FC7AA8700AFFACB /* attraction.png in Resources */,
				BAA3BBD51FCE510E004330ED /* gif13.png in Resources */,
				BAA3BBCB1FCE50F7004330ED /* gif8.png in Resources */,
				BA91FA981FC5FA630016DB3F /* LaunchScreen.storyboard in Resources */,
				BAA3BBBB1FCE50CB004330ED /* gif1.png in Resources */,
				BAA3BBD11FCE5105004330ED /* gif11.png in Resources */,
				BAA3BBBF1FCE50D8004330ED /* gif2.png in Resources */,
				BADE13811FC7AA8700AFFACB /* currencyimage.jpg in Resources */,
				BADE137B1FC7AA8700AFFACB /* gentleimage.jpg in Resources */,
				BAA3BBCF1FCE50FE004330ED /* gif10.png in Resources */,
				BADE136B1FC7AA8700AFFACB /* foodtruck.png in Resources */,
				BADE13721FC7AA8700AFFACB /* tea.png in Resources */,
				BADE13711FC7AA8700AFFACB /* UKintroduction.png in Resources */,
				BADE13831FC7AB1E00AFFACB /* food.png in Resources */,
				BAA3BBC11FCE50E0004330ED /* gif3.png in Resources */,
				BAAE58891FD4BF0C00A73133 /* National costume.png in Resources */,
				BAA3BBC51FCE50E9004330ED /* gif5.png in Resources */,
				BADE137D1FC7AA8700AFFACB /* foodimage.jpg in Resources */,
				BABE0D6E1FCA34BC00F319D0 /* switchon.jpeg in Resources */,
				BAAE58871FD4BC4C00A73133 /* Politics.png in Resources */,
				BADE13671FC7AA8700AFFACB /* boat.png in Resources */,
				BADE137C1FC7AA8700AFFACB /* teaimage.jpg in Resources */,
				BAA3BBCD1FCE50FC004330ED /* gif9.png in Resources */,
				BADE136C1FC7AA8700AFFACB /* premier.png in Resources */,
				BAA3BBD71FCE5111004330ED /* gif14.png in Resources */,
				BAAE588B1FD4BF3000A73133 /* National costumeimage.jpg in Resources */,
				BADE13791FC7AA8700AFFACB /* trafficeimage.jpg in Resources */,
				BADE137F1FC7AA8700AFFACB /* artchiturectionimage.jpg in Resources */,
				BABE0D6C1FCA34B900F319D0 /* switchoff.jpeg in Resources */,
				BADE136F1FC7AA8700AFFACB /* traffic.png in Resources */,
				BADE136E1FC7AA8700AFFACB /* Architureal.png in Resources */,
				BAA3BBC91FCE50F4004330ED /* gif7.png in Resources */,
				BAA3BBBD1FCE50D1004330ED /* gif0.png in Resources */,
				BA91FA951FC5FA630016DB3F /* Assets.xcassets in Resources */,
				BAAE58831FD4BC1200A73133 /* footimage.jpg in Resources */,
				BADE13701FC7AA8700AFFACB /* currency.png in Resources */,
				BADE13771FC7AA8700AFFACB /* phoneboothimage.jpg in Resources */,
				BADE13781FC7AA8700AFFACB /* foodtruckimage.jpg in Resources */,
				BAAE58851FD4BC2000A73133 /* Politicsimage.jpg in Resources */,
				BADE13681FC7AA8700AFFACB /* gentleman.png in Resources */,
				BADE13761FC7AA8700AFFACB /* boatimage.jpg in Resources */,
				BAA3BBC31FCE50E6004330ED /* gif4.png in Resources */,
				BAA3BBC71FCE50EC004330ED /* gif6.png in Resources */,
				BADE136A1FC7AA8700AFFACB /* weather.png in Resources */,
				BADE137E1FC7AA8700AFFACB /* weatherimage.jpg in Resources */,
				BA91FA931FC5FA630016DB3F /* Main.storyboard in Resources */,
				BADE13801FC7AA8700AFFACB /* UKimage.jpg in Resources */,
				BAA3BBD31FCE510C004330ED /* gif12.png in Resources */,
				BADE13751FC7AA8700AFFACB /* attractionimage.jpg in Resources */,
				BADE13691FC7AA8700AFFACB /* phonebooth.png in Resources */,
			);
			runOnlyForDeploymentPostprocessing = 0;
		};
		BA91FA9E1FC5FA640016DB3F /* Resources */ = {
			isa = PBXResourcesBuildPhase;
			buildActionMask = 2147483647;
			files = (
			);
			runOnlyForDeploymentPostprocessing = 0;
		};
		BA91FAA91FC5FA640016DB3F /* Resources */ = {
			isa = PBXResourcesBuildPhase;
			buildActionMask = 2147483647;
			files = (
			);
			runOnlyForDeploymentPostprocessing = 0;
		};
/* End PBXResourcesBuildPhase section */

/* Begin PBXSourcesBuildPhase section */
		BA91FA841FC5FA630016DB3F /* Sources */ = {
			isa = PBXSourcesBuildPhase;
			buildActionMask = 2147483647;
			files = (
				BA368A821FC9FC1D00E6AF6A /* notefourViewController.m in Sources */,
				BA368A791FC9FB9500E6AF6A /* noteoneViewController.m in Sources */,
				BADE13651FC7AA8700AFFACB /* CultureViewController.m in Sources */,
				BA3164411FD5CDDF00F1242E /* MapViewController.m in Sources */,
				BA91FA9B1FC5FA640016DB3F /* main.m in Sources */,
				BA368A851FCA0D8200E6AF6A /* notefiveViewController.m in Sources */,
				BA368A7F1FC9FBF600E6AF6A /* notethreeViewController.m in Sources */,
				BA368A7C1FC9FBD500E6AF6A /* notetwoViewController.m in Sources */,
				BADE13741FC7AA8700AFFACB /* CultureTableViewController.m in Sources */,
				BA368A8E1FCA0DDD00E6AF6A /* notecoverViewController.m in Sources */,
				BADE13661FC7AA8700AFFACB /* Culturedatamodule.m in Sources */,
				BADE13731FC7AA8700AFFACB /* Culturemodule.m in Sources */,
				BA0CE3AA1FC7AE080070780B /* CurrencyViewController.m in Sources */,
				BA368A911FCA0DEB00E6AF6A /* notefinalViewController.m in Sources */,
				BA91FA8D1FC5FA630016DB3F /* AppDelegate.m in Sources */,
				BA0CE3A91FC7AE080070780B /* CurrencychangeViewController.m in Sources */,
				BAD160041FD55A1A000BF951 /* myDataClass.m in Sources */,
				BA368A881FCA0D9000E6AF6A /* notesixViewController.m in Sources */,
			);
			runOnlyForDeploymentPostprocessing = 0;
		};
		BA91FA9C1FC5FA640016DB3F /* Sources */ = {
			isa = PBXSourcesBuildPhase;
			buildActionMask = 2147483647;
			files = (
				BA91FAA51FC5FA640016DB3F /* iosfinalprojectTests.m in Sources */,
			);
			runOnlyForDeploymentPostprocessing = 0;
		};
		BA91FAA71FC5FA640016DB3F /* Sources */ = {
			isa = PBXSourcesBuildPhase;
			buildActionMask = 2147483647;
			files = (
				BA91FAB01FC5FA640016DB3F /* iosfinalprojectUITests.m in Sources */,
			);
			runOnlyForDeploymentPostprocessing = 0;
		};
/* End PBXSourcesBuildPhase section */

/* Begin PBXTargetDependency section */
		BA91FAA21FC5FA640016DB3F /* PBXTargetDependency */ = {
			isa = PBXTargetDependency;
			target = BA91FA871FC5FA630016DB3F /* iosfinalproject */;
			targetProxy = BA91FAA11FC5FA640016DB3F /* PBXContainerItemProxy */;
		};
		BA91FAAD1FC5FA640016DB3F /* PBXTargetDependency */ = {
			isa = PBXTargetDependency;
			target = BA91FA871FC5FA630016DB3F /* iosfinalproject */;
			targetProxy = BA91FAAC1FC5FA640016DB3F /* PBXContainerItemProxy */;
		};
/* End PBXTargetDependency section */

/* Begin PBXVariantGroup section */
		BA91FA911FC5FA630016DB3F /* Main.storyboard */ = {
			isa = PBXVariantGroup;
			children = (
				BA91FA921FC5FA630016DB3F /* Base */,
			);
			name = Main.storyboard;
			sourceTree = "<group>";
		};
		BA91FA961FC5FA630016DB3F /* LaunchScreen.storyboard */ = {
			isa = PBXVariantGroup;
			children = (
				BA91FA971FC5FA630016DB3F /* Base */,
			);
			name = LaunchScreen.storyboard;
			sourceTree = "<group>";
		};
/* End PBXVariantGroup section */

/* Begin XCBuildConfiguration section */
		BA91FAB21FC5FA640016DB3F /* Debug */ = {
			isa = XCBuildConfiguration;
			buildSettings = {
				ALWAYS_SEARCH_USER_PATHS = NO;
				CLANG_ANALYZER_NONNULL = YES;
				CLANG_ANALYZER_NUMBER_OBJECT_CONVERSION = YES_AGGRESSIVE;
				CLANG_CXX_LANGUAGE_STANDARD = "gnu++14";
				CLANG_CXX_LIBRARY = "libc++";
				CLANG_ENABLE_MODULES = YES;
				CLANG_ENABLE_OBJC_ARC = YES;
				CLANG_WARN_BLOCK_CAPTURE_AUTORELEASING = YES;
				CLANG_WARN_BOOL_CONVERSION = YES;
				CLANG_WARN_COMMA = YES;
				CLANG_WARN_CONSTANT_CONVERSION = YES;
				CLANG_WARN_DIRECT_OBJC_ISA_USAGE = YES_ERROR;
				CLANG_WARN_DOCUMENTATION_COMMENTS = YES;
				CLANG_WARN_EMPTY_BODY = YES;
				CLANG_WARN_ENUM_CONVERSION = YES;
				CLANG_WARN_INFINITE_RECURSION = YES;
				CLANG_WARN_INT_CONVERSION = YES;
				CLANG_WARN_NON_LITERAL_NULL_CONVERSION = YES;
				CLANG_WARN_OBJC_LITERAL_CONVERSION = YES;
				CLANG_WARN_OBJC_ROOT_CLASS = YES_ERROR;
				CLANG_WARN_RANGE_LOOP_ANALYSIS = YES;
				CLANG_WARN_STRICT_PROTOTYPES = YES;
				CLANG_WARN_SUSPICIOUS_MOVE = YES;
				CLANG_WARN_UNGUARDED_AVAILABILITY = YES_AGGRESSIVE;
				CLANG_WARN_UNREACHABLE_CODE = YES;
				CLANG_WARN__DUPLICATE_METHOD_MATCH = YES;
				CODE_SIGN_IDENTITY = "iPhone Developer";
				COPY_PHASE_STRIP = NO;
				DEBUG_INFORMATION_FORMAT = dwarf;
				ENABLE_STRICT_OBJC_MSGSEND = YES;
				ENABLE_TESTABILITY = YES;
				GCC_C_LANGUAGE_STANDARD = gnu11;
				GCC_DYNAMIC_NO_PIC = NO;
				GCC_NO_COMMON_BLOCKS = YES;
				GCC_OPTIMIZATION_LEVEL = 0;
				GCC_PREPROCESSOR_DEFINITIONS = (
					"DEBUG=1",
					"$(inherited)",
				);
				GCC_WARN_64_TO_32_BIT_CONVERSION = YES;
				GCC_WARN_ABOUT_RETURN_TYPE = YES_ERROR;
				GCC_WARN_UNDECLARED_SELECTOR = YES;
				GCC_WARN_UNINITIALIZED_AUTOS = YES_AGGRESSIVE;
				GCC_WARN_UNUSED_FUNCTION = YES;
				GCC_WARN_UNUSED_VARIABLE = YES;
				IPHONEOS_DEPLOYMENT_TARGET = 11.1;
				MTL_ENABLE_DEBUG_INFO = YES;
				ONLY_ACTIVE_ARCH = YES;
				SDKROOT = iphoneos;
			};
			name = Debug;
		};
		BA91FAB31FC5FA640016DB3F /* Release */ = {
			isa = XCBuildConfiguration;
			buildSettings = {
				ALWAYS_SEARCH_USER_PATHS = NO;
				CLANG_ANALYZER_NONNULL = YES;
				CLANG_ANALYZER_NUMBER_OBJECT_CONVERSION = YES_AGGRESSIVE;
				CLANG_CXX_LANGUAGE_STANDARD = "gnu++14";
				CLANG_CXX_LIBRARY = "libc++";
				CLANG_ENABLE_MODULES = YES;
				CLANG_ENABLE_OBJC_ARC = YES;
				CLANG_WARN_BLOCK_CAPTURE_AUTORELEASING = YES;
				CLANG_WARN_BOOL_CONVERSION = YES;
				CLANG_WARN_COMMA = YES;
				CLANG_WARN_CONSTANT_CONVERSION = YES;
				CLANG_WARN_DIRECT_OBJC_ISA_USAGE = YES_ERROR;
				CLANG_WARN_DOCUMENTATION_COMMENTS = YES;
				CLANG_WARN_EMPTY_BODY = YES;
				CLANG_WARN_ENUM_CONVERSION = YES;
				CLANG_WARN_INFINITE_RECURSION = YES;
				CLANG_WARN_INT_CONVERSION = YES;
				CLANG_WARN_NON_LITERAL_NULL_CONVERSION = YES;
				CLANG_WARN_OBJC_LITERAL_CONVERSION = YES;
				CLANG_WARN_OBJC_ROOT_CLASS = YES_ERROR;
				CLANG_WARN_RANGE_LOOP_ANALYSIS = YES;
				CLANG_WARN_STRICT_PROTOTYPES = YES;
				CLANG_WARN_SUSPICIOUS_MOVE = YES;
				CLANG_WARN_UNGUARDED_AVAILABILITY = YES_AGGRESSIVE;
				CLANG_WARN_UNREACHABLE_CODE = YES;
				CLANG_WARN__DUPLICATE_METHOD_MATCH = YES;
				CODE_SIGN_IDENTITY = "iPhone Developer";
				COPY_PHASE_STRIP = NO;
				DEBUG_INFORMATION_FORMAT = "dwarf-with-dsym";
				ENABLE_NS_ASSERTIONS = NO;
				ENABLE_STRICT_OBJC_MSGSEND = YES;
				GCC_C_LANGUAGE_STANDARD = gnu11;
				GCC_NO_COMMON_BLOCKS = YES;
				GCC_WARN_64_TO_32_BIT_CONVERSION = YES;
				GCC_WARN_ABOUT_RETURN_TYPE = YES_ERROR;
				GCC_WARN_UNDECLARED_SELECTOR = YES;
				GCC_WARN_UNINITIALIZED_AUTOS = YES_AGGRESSIVE;
				GCC_WARN_UNUSED_FUNCTION = YES;
				GCC_WARN_UNUSED_VARIABLE = YES;
				IPHONEOS_DEPLOYMENT_TARGET = 11.1;
				MTL_ENABLE_DEBUG_INFO = NO;
				SDKROOT = iphoneos;
				VALIDATE_PRODUCT = YES;
			};
			name = Release;
		};
		BA91FAB51FC5FA640016DB3F /* Debug */ = {
			isa = XCBuildConfiguration;
			buildSettings = {
				ASSETCATALOG_COMPILER_APPICON_NAME = AppIcon;
				CODE_SIGN_STYLE = Automatic;
				INFOPLIST_FILE = iosfinalproject/Info.plist;
				LD_RUNPATH_SEARCH_PATHS = "$(inherited) @executable_path/Frameworks";
				PRODUCT_BUNDLE_IDENTIFIER = uk.ac.leeds.iosfinalproject;
				PRODUCT_NAME = "$(TARGET_NAME)";
				TARGETED_DEVICE_FAMILY = "1,2";
			};
			name = Debug;
		};
		BA91FAB61FC5FA640016DB3F /* Release */ = {
			isa = XCBuildConfiguration;
			buildSettings = {
				ASSETCATALOG_COMPILER_APPICON_NAME = AppIcon;
				CODE_SIGN_STYLE = Automatic;
				INFOPLIST_FILE = iosfinalproject/Info.plist;
				LD_RUNPATH_SEARCH_PATHS = "$(inherited) @executable_path/Frameworks";
				PRODUCT_BUNDLE_IDENTIFIER = uk.ac.leeds.iosfinalproject;
				PRODUCT_NAME = "$(TARGET_NAME)";
				TARGETED_DEVICE_FAMILY = "1,2";
			};
			name = Release;
		};
		BA91FAB81FC5FA640016DB3F /* Debug */ = {
			isa = XCBuildConfiguration;
			buildSettings = {
				BUNDLE_LOADER = "$(TEST_HOST)";
				CODE_SIGN_STYLE = Automatic;
				INFOPLIST_FILE = iosfinalprojectTests/Info.plist;
				LD_RUNPATH_SEARCH_PATHS = "$(inherited) @executable_path/Frameworks @loader_path/Frameworks";
				PRODUCT_BUNDLE_IDENTIFIER = uk.ac.leeds.iosfinalprojectTests;
				PRODUCT_NAME = "$(TARGET_NAME)";
				TARGETED_DEVICE_FAMILY = "1,2";
				TEST_HOST = "$(BUILT_PRODUCTS_DIR)/iosfinalproject.app/iosfinalproject";
			};
			name = Debug;
		};
		BA91FAB91FC5FA640016DB3F /* Release */ = {
			isa = XCBuildConfiguration;
			buildSettings = {
				BUNDLE_LOADER = "$(TEST_HOST)";
				CODE_SIGN_STYLE = Automatic;
				INFOPLIST_FILE = iosfinalprojectTests/Info.plist;
				LD_RUNPATH_SEARCH_PATHS = "$(inherited) @executable_path/Frameworks @loader_path/Frameworks";
				PRODUCT_BUNDLE_IDENTIFIER = uk.ac.leeds.iosfinalprojectTests;
				PRODUCT_NAME = "$(TARGET_NAME)";
				TARGETED_DEVICE_FAMILY = "1,2";
				TEST_HOST = "$(BUILT_PRODUCTS_DIR)/iosfinalproject.app/iosfinalproject";
			};
			name = Release;
		};
		BA91FABB1FC5FA640016DB3F /* Debug */ = {
			isa = XCBuildConfiguration;
			buildSettings = {
				CODE_SIGN_STYLE = Automatic;
				INFOPLIST_FILE = iosfinalprojectUITests/Info.plist;
				LD_RUNPATH_SEARCH_PATHS = "$(inherited) @executable_path/Frameworks @loader_path/Frameworks";
				PRODUCT_BUNDLE_IDENTIFIER = uk.ac.leeds.iosfinalprojectUITests;
				PRODUCT_NAME = "$(TARGET_NAME)";
				TARGETED_DEVICE_FAMILY = "1,2";
				TEST_TARGET_NAME = iosfinalproject;
			};
			name = Debug;
		};
		BA91FABC1FC5FA640016DB3F /* Release */ = {
			isa = XCBuildConfiguration;
			buildSettings = {
				CODE_SIGN_STYLE = Automatic;
				INFOPLIST_FILE = iosfinalprojectUITests/Info.plist;
				LD_RUNPATH_SEARCH_PATHS = "$(inherited) @executable_path/Frameworks @loader_path/Frameworks";
				PRODUCT_BUNDLE_IDENTIFIER = uk.ac.leeds.iosfinalprojectUITests;
				PRODUCT_NAME = "$(TARGET_NAME)";
				TARGETED_DEVICE_FAMILY = "1,2";
				TEST_TARGET_NAME = iosfinalproject;
			};
			name = Release;
		};
/* End XCBuildConfiguration section */

/* Begin XCConfigurationList section */
		BA91FA831FC5FA630016DB3F /* Build configuration list for PBXProject "iosfinalproject" */ = {
			isa = XCConfigurationList;
			buildConfigurations = (
				BA91FAB21FC5FA640016DB3F /* Debug */,
				BA91FAB31FC5FA640016DB3F /* Release */,
			);
			defaultConfigurationIsVisible = 0;
			defaultConfigurationName = Release;
		};
		BA91FAB41FC5FA640016DB3F /* Build configuration list for PBXNativeTarget "iosfinalproject" */ = {
			isa = XCConfigurationList;
			buildConfigurations = (
				BA91FAB51FC5FA640016DB3F /* Debug */,
				BA91FAB61FC5FA640016DB3F /* Release */,
			);
			defaultConfigurationIsVisible = 0;
			defaultConfigurationName = Release;
		};
		BA91FAB71FC5FA640016DB3F /* Build configuration list for PBXNativeTarget "iosfinalprojectTests" */ = {
			isa = XCConfigurationList;
			buildConfigurations = (
				BA91FAB81FC5FA640016DB3F /* Debug */,
				BA91FAB91FC5FA640016DB3F /* Release */,
			);
			defaultConfigurationIsVisible = 0;
			defaultConfigurationName = Release;
		};
		BA91FABA1FC5FA640016DB3F /* Build configuration list for PBXNativeTarget "iosfinalprojectUITests" */ = {
			isa = XCConfigurationList;
			buildConfigurations = (
				BA91FABB1FC5FA640016DB3F /* Debug */,
				BA91FABC1FC5FA640016DB3F /* Release */,
			);
			defaultConfigurationIsVisible = 0;
			defaultConfigurationName = Release;
		};
/* End XCConfigurationList section */
	};
	rootObject = BA91FA801FC5FA630016DB3F /* Project object */;
}
